
Microsoft Visual Studio Solution File, Format Version 12.00
# Visual Studio Version 16
VisualStudioVersion = 16.0.30320.27
MinimumVisualStudioVersion = 10.0.40219.1
Project("{FAE04EC0-301F-11D3-BF4B-00C04F79EFBC}") = "PADAWAN-2508", "PADAWAN-2508\PADAWAN-2508.csproj", "{8636DB05-F646-4F99-9480-2C7611DB52E8}"
EndProject
Project("{9A19103F-16F7-4668-BE54-9A1E7A4F7556}") = "PADAWAN-2508-DEMO1", "PADAWAN-2508-DEMO1\PADAWAN-2508-DEMO1.csproj", "{61B12B5B-3321-4135-A5F0-6FD8227BAB6F}"
EndProject
Project("{9A19103F-16F7-4668-BE54-9A1E7A4F7556}") = "PADAWAN_DADOS", "PADAWAN_DADOS\PADAWAN_DADOS.csproj", "{9AAD5E38-F8C9-4649-BE24-C5753211B46D}"
EndProject
Project("{9A19103F-16F7-4668-BE54-9A1E7A4F7556}") = "PADAWAN_NEGOCIO", "PADAWAN_NEGOCIO\PADAWAN_NEGOCIO.csproj", "{F27A3F35-B4A7-41F9-A8DE-1B684552E35B}"
EndProject
Project("{FAE04EC0-301F-11D3-BF4B-00C04F79EFBC}") = "PADAWAN-TESTE-NINJA", "PADAWAN-TESTE-NINJA\PADAWAN-TESTE-NINJA.csproj", "{D51EECBD-1453-4D12-955A-253331004B6D}"
EndProject
Project("{FAE04EC0-301F-11D3-BF4B-00C04F79EFBC}") = "Padawan_Ferro", "Padawan_Ferro\Padawan_Ferro.csproj", "{639FA560-4582-417C-9D3F-A7D8C704355B}"
EndProject
Project("{2150E333-8FDC-42A3-9474-1A3956D46DE8}") = "Grupo-1", "Grupo-1", "{435F2365-9871-44C5-AB00-D952C78F1487}"
EndProject
Project("{2150E333-8FDC-42A3-9474-1A3956D46DE8}") = "Grupo-2", "Grupo-2", "{D49454AD-F8FE-456E-8A4B-104FE3F0DE69}"
EndProject
Project("{2150E333-8FDC-42A3-9474-1A3956D46DE8}") = "Grupo-3", "Grupo-3", "{62C38822-83A6-4D81-9F0B-C0FEBB1C26AF}"
EndProject
Project("{2150E333-8FDC-42A3-9474-1A3956D46DE8}") = "Grupo-4", "Grupo-4", "{03C235A3-7B39-4473-94A5-0404FE261501}"
EndProject
Project("{2150E333-8FDC-42A3-9474-1A3956D46DE8}") = "Grupo-5", "Grupo-5", "{C85C2DF6-FD92-4C69-AC47-5779E1CD5597}"
EndProject
Project("{9A19103F-16F7-4668-BE54-9A1E7A4F7556}") = "Grupo-1-WFA", "Grupo-1-WFA\Grupo-1-WFA.csproj", "{4AE4BF22-2F64-4D24-86EF-B97D05F3B012}"
EndProject
Project("{9A19103F-16F7-4668-BE54-9A1E7A4F7556}") = "Grupo-2-WFA", "Grupo-2-WFA\Grupo-2-WFA.csproj", "{52BAA0C9-A6D3-45C4-85AA-CB435165E836}"
EndProject
Project("{9A19103F-16F7-4668-BE54-9A1E7A4F7556}") = "Grupo-3-WFA", "Grupo-3-WFA\Grupo-3-WFA.csproj", "{E8A31508-E326-4AA6-B85C-59A5A768B9E6}"
EndProject
Project("{9A19103F-16F7-4668-BE54-9A1E7A4F7556}") = "Grupo-4-WFA", "Grupo-4-WFA\Grupo-4-WFA.csproj", "{E50C4973-B7E8-4ED9-9524-DF722D0A8DC6}"
EndProject
Project("{9A19103F-16F7-4668-BE54-9A1E7A4F7556}") = "Grupo-5-WFA", "Grupo-5-WFA\Grupo-5-WFA.csproj", "{9C5F334F-0154-48FE-BFF4-8777EF82690B}"
EndProject
Project("{FAE04EC0-301F-11D3-BF4B-00C04F79EFBC}") = "Grupo-3-WFA-Ferramentas", "Grupo-3-WFA-Ferramentas\Grupo-3-WFA-Ferramentas.csproj", "{A761062D-D509-493C-9FE7-5EECB7EDA6E9}"
EndProject
Project("{FAE04EC0-301F-11D3-BF4B-00C04F79EFBC}") = "Grupo-3-WFA-Models", "Grupo-3-WFA-Models\Grupo-3-WFA-Models.csproj", "{DD138D57-6A52-4A2E-BFC0-913933F49E04}"
EndProject
Global
	GlobalSection(SolutionConfigurationPlatforms) = preSolution
		Debug|Any CPU = Debug|Any CPU
		Release|Any CPU = Release|Any CPU
	EndGlobalSection
	GlobalSection(ProjectConfigurationPlatforms) = postSolution
		{8636DB05-F646-4F99-9480-2C7611DB52E8}.Debug|Any CPU.ActiveCfg = Debug|Any CPU
		{8636DB05-F646-4F99-9480-2C7611DB52E8}.Debug|Any CPU.Build.0 = Debug|Any CPU
		{8636DB05-F646-4F99-9480-2C7611DB52E8}.Release|Any CPU.ActiveCfg = Release|Any CPU
		{8636DB05-F646-4F99-9480-2C7611DB52E8}.Release|Any CPU.Build.0 = Release|Any CPU
		{61B12B5B-3321-4135-A5F0-6FD8227BAB6F}.Debug|Any CPU.ActiveCfg = Debug|Any CPU
		{61B12B5B-3321-4135-A5F0-6FD8227BAB6F}.Debug|Any CPU.Build.0 = Debug|Any CPU
		{61B12B5B-3321-4135-A5F0-6FD8227BAB6F}.Release|Any CPU.ActiveCfg = Release|Any CPU
		{61B12B5B-3321-4135-A5F0-6FD8227BAB6F}.Release|Any CPU.Build.0 = Release|Any CPU
		{9AAD5E38-F8C9-4649-BE24-C5753211B46D}.Debug|Any CPU.ActiveCfg = Debug|Any CPU
		{9AAD5E38-F8C9-4649-BE24-C5753211B46D}.Debug|Any CPU.Build.0 = Debug|Any CPU
		{9AAD5E38-F8C9-4649-BE24-C5753211B46D}.Release|Any CPU.ActiveCfg = Release|Any CPU
		{9AAD5E38-F8C9-4649-BE24-C5753211B46D}.Release|Any CPU.Build.0 = Release|Any CPU
		{F27A3F35-B4A7-41F9-A8DE-1B684552E35B}.Debug|Any CPU.ActiveCfg = Debug|Any CPU
		{F27A3F35-B4A7-41F9-A8DE-1B684552E35B}.Debug|Any CPU.Build.0 = Debug|Any CPU
		{F27A3F35-B4A7-41F9-A8DE-1B684552E35B}.Release|Any CPU.ActiveCfg = Release|Any CPU
		{F27A3F35-B4A7-41F9-A8DE-1B684552E35B}.Release|Any CPU.Build.0 = Release|Any CPU
		{D51EECBD-1453-4D12-955A-253331004B6D}.Debug|Any CPU.ActiveCfg = Debug|Any CPU
		{D51EECBD-1453-4D12-955A-253331004B6D}.Debug|Any CPU.Build.0 = Debug|Any CPU
		{D51EECBD-1453-4D12-955A-253331004B6D}.Release|Any CPU.ActiveCfg = Release|Any CPU
		{D51EECBD-1453-4D12-955A-253331004B6D}.Release|Any CPU.Build.0 = Release|Any CPU
		{639FA560-4582-417C-9D3F-A7D8C704355B}.Debug|Any CPU.ActiveCfg = Debug|Any CPU
		{639FA560-4582-417C-9D3F-A7D8C704355B}.Debug|Any CPU.Build.0 = Debug|Any CPU
		{639FA560-4582-417C-9D3F-A7D8C704355B}.Release|Any CPU.ActiveCfg = Release|Any CPU
		{639FA560-4582-417C-9D3F-A7D8C704355B}.Release|Any CPU.Build.0 = Release|Any CPU
		{4AE4BF22-2F64-4D24-86EF-B97D05F3B012}.Debug|Any CPU.ActiveCfg = Debug|Any CPU
		{4AE4BF22-2F64-4D24-86EF-B97D05F3B012}.Debug|Any CPU.Build.0 = Debug|Any CPU
		{4AE4BF22-2F64-4D24-86EF-B97D05F3B012}.Release|Any CPU.ActiveCfg = Release|Any CPU
		{4AE4BF22-2F64-4D24-86EF-B97D05F3B012}.Release|Any CPU.Build.0 = Release|Any CPU
		{52BAA0C9-A6D3-45C4-85AA-CB435165E836}.Debug|Any CPU.ActiveCfg = Debug|Any CPU
		{52BAA0C9-A6D3-45C4-85AA-CB435165E836}.Debug|Any CPU.Build.0 = Debug|Any CPU
		{52BAA0C9-A6D3-45C4-85AA-CB435165E836}.Release|Any CPU.ActiveCfg = Release|Any CPU
		{52BAA0C9-A6D3-45C4-85AA-CB435165E836}.Release|Any CPU.Build.0 = Release|Any CPU
		{E8A31508-E326-4AA6-B85C-59A5A768B9E6}.Debug|Any CPU.ActiveCfg = Debug|Any CPU
		{E8A31508-E326-4AA6-B85C-59A5A768B9E6}.Debug|Any CPU.Build.0 = Debug|Any CPU
		{E8A31508-E326-4AA6-B85C-59A5A768B9E6}.Release|Any CPU.ActiveCfg = Release|Any CPU
		{E8A31508-E326-4AA6-B85C-59A5A768B9E6}.Release|Any CPU.Build.0 = Release|Any CPU
		{E50C4973-B7E8-4ED9-9524-DF722D0A8DC6}.Debug|Any CPU.ActiveCfg = Debug|Any CPU
		{E50C4973-B7E8-4ED9-9524-DF722D0A8DC6}.Debug|Any CPU.Build.0 = Debug|Any CPU
		{E50C4973-B7E8-4ED9-9524-DF722D0A8DC6}.Release|Any CPU.ActiveCfg = Release|Any CPU
		{E50C4973-B7E8-4ED9-9524-DF722D0A8DC6}.Release|Any CPU.Build.0 = Release|Any CPU
		{9C5F334F-0154-48FE-BFF4-8777EF82690B}.Debug|Any CPU.ActiveCfg = Debug|Any CPU
		{9C5F334F-0154-48FE-BFF4-8777EF82690B}.Debug|Any CPU.Build.0 = Debug|Any CPU
		{9C5F334F-0154-48FE-BFF4-8777EF82690B}.Release|Any CPU.ActiveCfg = Release|Any CPU
		{9C5F334F-0154-48FE-BFF4-8777EF82690B}.Release|Any CPU.Build.0 = Release|Any CPU
		{A761062D-D509-493C-9FE7-5EECB7EDA6E9}.Debug|Any CPU.ActiveCfg = Debug|Any CPU
		{A761062D-D509-493C-9FE7-5EECB7EDA6E9}.Debug|Any CPU.Build.0 = Debug|Any CPU
		{A761062D-D509-493C-9FE7-5EECB7EDA6E9}.Release|Any CPU.ActiveCfg = Release|Any CPU
		{A761062D-D509-493C-9FE7-5EECB7EDA6E9}.Release|Any CPU.Build.0 = Release|Any CPU
		{DD138D57-6A52-4A2E-BFC0-913933F49E04}.Debug|Any CPU.ActiveCfg = Debug|Any CPU
		{DD138D57-6A52-4A2E-BFC0-913933F49E04}.Debug|Any CPU.Build.0 = Debug|Any CPU
		{DD138D57-6A52-4A2E-BFC0-913933F49E04}.Release|Any CPU.ActiveCfg = Release|Any CPU
		{DD138D57-6A52-4A2E-BFC0-913933F49E04}.Release|Any CPU.Build.0 = Release|Any CPU
	EndGlobalSection
	GlobalSection(SolutionProperties) = preSolution
		HideSolutionNode = FALSE
	EndGlobalSection
	GlobalSection(NestedProjects) = preSolution
		{4AE4BF22-2F64-4D24-86EF-B97D05F3B012} = {435F2365-9871-44C5-AB00-D952C78F1487}
		{52BAA0C9-A6D3-45C4-85AA-CB435165E836} = {D49454AD-F8FE-456E-8A4B-104FE3F0DE69}
		{E8A31508-E326-4AA6-B85C-59A5A768B9E6} = {62C38822-83A6-4D81-9F0B-C0FEBB1C26AF}
		{E50C4973-B7E8-4ED9-9524-DF722D0A8DC6} = {03C235A3-7B39-4473-94A5-0404FE261501}
		{9C5F334F-0154-48FE-BFF4-8777EF82690B} = {C85C2DF6-FD92-4C69-AC47-5779E1CD5597}
		{A761062D-D509-493C-9FE7-5EECB7EDA6E9} = {62C38822-83A6-4D81-9F0B-C0FEBB1C26AF}
		{DD138D57-6A52-4A2E-BFC0-913933F49E04} = {62C38822-83A6-4D81-9F0B-C0FEBB1C26AF}
	EndGlobalSection
	GlobalSection(ExtensibilityGlobals) = postSolution
		SolutionGuid = {F9CD7F85-120A-4E35-9A0A-93A15938F177}
	EndGlobalSection
EndGlobal
